<?xml version="1.0" encoding="utf-8"?>
<Project ToolsVersion="4.0" xmlns="http://schemas.microsoft.com/developer/msbuild/2003">
  <ItemGroup>
    <Filter Include="Source Files">
      <UniqueIdentifier>{4FC737F1-C7A5-4376-A066-2A32D752A2FF}</UniqueIdentifier>
      <Extensions>cpp;c;cc;cxx;c++;cppm;ixx;def;odl;idl;hpj;bat;asm;asmx</Extensions>
    </Filter>
    <Filter Include="Header Files">
      <UniqueIdentifier>{93995380-89BD-4b04-88EB-625FBE52EBFB}</UniqueIdentifier>
      <Extensions>h;hh;hpp;hxx;h++;hm;inl;inc;ipp;xsd</Extensions>
    </Filter>
    <Filter Include="Resource Files">
      <UniqueIdentifier>{67DA6AB6-F800-4c08-8B7A-83BB121AAD01}</UniqueIdentifier>
      <Extensions>rc;ico;cur;bmp;dlg;rc2;rct;bin;rgs;gif;jpg;jpeg;jpe;resx;tiff;tif;png;wav;mfcribbon-ms</Extensions>
    </Filter>
    <Filter Include="Resource Files\ImGui">
      <UniqueIdentifier>{951e3c8b-4c5f-45cb-8eb8-06ab882f0ef9}</UniqueIdentifier>
    </Filter>
    <Filter Include="Resource Files\Minhook">
      <UniqueIdentifier>{dfc4a574-85ab-4f58-8164-ea568106e868}</UniqueIdentifier>
    </Filter>
  </ItemGroup>
  <ItemGroup>
    <ClInclude Include="libs\ImGui\imconfig.h">
      <Filter>Resource Files\ImGui</Filter>
    </ClInclude>
    <ClInclude Include="libs\ImGui\imgui.h">
      <Filter>Resource Files\ImGui</Filter>
    </ClInclude>
    <ClInclude Include="libs\ImGui\imgui_impl_dx11.h">
      <Filter>Resource Files\ImGui</Filter>
    </ClInclude>
    <ClInclude Include="libs\ImGui\imgui_impl_win32.h">
      <Filter>Resource Files\ImGui</Filter>
    </ClInclude>
    <ClInclude Include="libs\ImGui\imgui_internal.h">
      <Filter>Resource Files\ImGui</Filter>
    </ClInclude>
    <ClInclude Include="libs\ImGui\imstb_rectpack.h">
      <Filter>Resource Files\ImGui</Filter>
    </ClInclude>
    <ClInclude Include="libs\ImGui\imstb_textedit.h">
      <Filter>Resource Files\ImGui</Filter>
    </ClInclude>
    <ClInclude Include="libs\ImGui\imstb_truetype.h">
      <Filter>Resource Files\ImGui</Filter>
    </ClInclude>
    <ClInclude Include="libs\MinHook\buffer.h">
      <Filter>Resource Files\Minhook</Filter>
    </ClInclude>
    <ClInclude Include="libs\MinHook\framework.h">
      <Filter>Resource Files\Minhook</Filter>
    </ClInclude>
    <ClInclude Include="libs\MinHook\hde32.h">
      <Filter>Resource Files\Minhook</Filter>
    </ClInclude>
    <ClInclude Include="libs\MinHook\hde64.h">
      <Filter>Resource Files\Minhook</Filter>
    </ClInclude>
    <ClInclude Include="libs\MinHook\hookmain.h">
      <Filter>Resource Files\Minhook</Filter>
    </ClInclude>
    <ClInclude Include="libs\MinHook\MinHook.h">
      <Filter>Resource Files\Minhook</Filter>
    </ClInclude>
    <ClInclude Include="libs\MinHook\pstdint.h">
      <Filter>Resource Files\Minhook</Filter>
    </ClInclude>
    <ClInclude Include="libs\MinHook\resource.h">
      <Filter>Resource Files\Minhook</Filter>
    </ClInclude>
    <ClInclude Include="libs\MinHook\table32.h">
      <Filter>Resource Files\Minhook</Filter>
    </ClInclude>
    <ClInclude Include="libs\MinHook\table64.h">
      <Filter>Resource Files\Minhook</Filter>
    </ClInclude>
    <ClInclude Include="libs\MinHook\trampoline.h">
      <Filter>Resource Files\Minhook</Filter>
    </ClInclude>
    <ClInclude Include="include\Menu.h">
      <Filter>Header Files</Filter>
    </ClInclude>
    <ClInclude Include="include\Engine.h">
      <Filter>Header Files</Filter>
    </ClInclude>
    <ClInclude Include="include\Game.h">
      <Filter>Header Files</Filter>
    </ClInclude>
    <ClInclude Include="include\helper.h">
      <Filter>Header Files</Filter>
    </ClInclude>
  </ItemGroup>
  <ItemGroup>
    <ClCompile Include="dllmain.cpp">
      <Filter>Source Files</Filter>
    </ClCompile>
    <ClCompile Include="libs\ImGui\imgui.cpp">
      <Filter>Resource Files\ImGui</Filter>
    </ClCompile>
    <ClCompile Include="libs\ImGui\imgui_demo.cpp">
      <Filter>Resource Files\ImGui</Filter>
    </ClCompile>
    <ClCompile Include="libs\ImGui\imgui_draw.cpp">
      <Filter>Resource Files\ImGui</Filter>
    </ClCompile>
    <ClCompile Include="libs\ImGui\imgui_impl_dx11.cpp">
      <Filter>Resource Files\ImGui</Filter>
    </ClCompile>
    <ClCompile Include="libs\ImGui\imgui_impl_win32.cpp">
      <Filter>Resource Files\ImGui</Filter>
    </ClCompile>
    <ClCompile Include="libs\ImGui\imgui_tables.cpp">
      <Filter>Resource Files\ImGui</Filter>
    </ClCompile>
    <ClCompile Include="libs\ImGui\imgui_widgets.cpp">
      <Filter>Resource Files\ImGui</Filter>
    </ClCompile>
    <ClCompile Include="libs\MinHook\buffer.c">
      <Filter>Resource Files\Minhook</Filter>
    </ClCompile>
    <ClCompile Include="libs\MinHook\hde32.c">
      <Filter>Resource Files\Minhook</Filter>
    </ClCompile>
    <ClCompile Include="libs\MinHook\hde64.c">
      <Filter>Resource Files\Minhook</Filter>
    </ClCompile>
    <ClCompile Include="libs\MinHook\hook.c">
      <Filter>Resource Files\Minhook</Filter>
    </ClCompile>
    <ClCompile Include="libs\MinHook\hookmain.cpp">
      <Filter>Resource Files\Minhook</Filter>
    </ClCompile>
    <ClCompile Include="libs\MinHook\trampoline.c">
      <Filter>Resource Files\Minhook</Filter>
    </ClCompile>
    <ClCompile Include="src\Menu.cpp">
      <Filter>Source Files</Filter>
    </ClCompile>
    <ClCompile Include="src\Engine.cpp">
      <Filter>Source Files</Filter>
    </ClCompile>
    <ClCompile Include="src\Game.cpp">
      <Filter>Source Files</Filter>
    </ClCompile>
  </ItemGroup>
  <ItemGroup>
    <None Include="README.md" />
  </ItemGroup>
</Project>